github.com/Machiel/slugify v1.0.1 h1:EfWSlRWstMadsgzmiV7d0yVd2IFlagWH68Q+DcYCm4E=
github.com/Machiel/slugify v1.0.1/go.mod h1:fTFGn5uWEynW4CUMG7sWkYXOf1UgDxyTM3DbR6Qfg3k=
github.com/TylerBrock/colorjson v0.0.0-20180527164720-95ec53f28296 h1:JYWTroLXcNzSCgu66NMgdjwoMHQRbv2SoOVNFb4kRkE=
github.com/TylerBrock/colorjson v0.0.0-20180527164720-95ec53f28296/go.mod h1:VSw57q4QFiWDbRnjdX8Cb3Ow0SFncRw+bA/ofY6Q83w=
github.com/fatih/color v1.7.0 h1:DkWD4oS2D8LGGgTQ6IvwJJXSL5Vp2ffcQg58nFV38Ys=
github.com/fatih/color v1.7.0/go.mod h1:Zm6kSWBoL9eyXnKyktHP6abPY2pDugNf5KwzbycvMj4=
github.com/gearboxworks/go-status v0.0.0-20190520055423-806e97228e0d h1:ou95EIcyWmLeEYzzsJCFebH9CNzY34mfwAbdStnrJK0=
github.com/gearboxworks/go-status v0.0.0-20190520055423-806e97228e0d/go.mod h1:yePXNHWbtPdshFvB/ve6U8/QTsulhqmAdTBMOF1okIQ=
github.com/inconshreveable/mousetrap v1.0.0 h1:Z8tu5sraLXCXIcARxBp/8cbvlwVa7Z1NHg9XEKhtSvM=
github.com/inconshreveable/mousetrap v1.0.0/go.mod h1:PxqpIevigyE2G7u3NXJIT2ANytuPF1OarO4DADm73n8=
github.com/karrick/godirwalk v1.9.1 h1:ixLgV3OXRks9QvT4W8FU5Hp/D6Pv/k2HJFXWzahwHds=
github.com/karrick/godirwalk v1.9.1/go.mod h1:RoGL9dQei4vP9ilrpETWE8CLOZ1kiN0LhBygSwrAsHA=
github.com/mattn/go-colorable v0.1.1 h1:G1f5SKeVxmagw/IyvzvtZE4Gybcc4Tr1tf7I8z0XgOg=
github.com/mattn/go-colorable v0.1.1/go.mod h1:FuOcm+DKB9mbwrcAfNl7/TZVBZ6rcnceauSikq3lYCQ=
github.com/mattn/go-isatty v0.0.5/go.mod h1:Iq45c/XA43vh69/j3iqttzPXn0bhXyGjM0Hdxcsrc5s=
github.com/mattn/go-isatty v0.0.7 h1:UvyT9uN+3r7yLEYSlJsbQGdsaB/a0DlgWP3pql6iwOc=
github.com/mattn/go-isatty v0.0.7/go.mod h1:Iq45c/XA43vh69/j3iqttzPXn0bhXyGjM0Hdxcsrc5s=
github.com/spf13/cobra v0.0.3 h1:ZlrZ4XsMRm04Fr5pSFxBgfND2EBVa1nLpiy1stUsX/8=
github.com/spf13/cobra v0.0.3/go.mod h1:1l0Ry5zgKvJasoi3XT1TypsSe7PqH0Sj9dhYf7v3XqQ=
github.com/spf13/pflag v1.0.3 h1:zPAT6CGy6wXeQ7NtTnaTerfKOsV6V6F8agHXFiazDkg=
github.com/spf13/pflag v1.0.3/go.mod h1:DYY7MBk1bdzusC3SYhjObp+wFpr4gzcvqqNjLnInEg4=
golang.org/x/sys v0.0.0-20190222072716-a9d3bda3a223/go.mod h1:STP8DvDyc/dI5b8T5hshtkjS+E42TnysNCUPdjciGhY=
